
Microsoft Visual Studio Solution File, Format Version 11.00
# Visual Studio 2010
Project("{FAE04EC0-301F-11D3-BF4B-00C04F79EFBC}") = "Assembly-CSharp", "Assembly-CSharp.csproj", "{fa87bc96-eaed-6fdd-c8ce-88596da08e6f}"
EndProject
Project("{FAE04EC0-301F-11D3-BF4B-00C04F79EFBC}") = "Assembly-CSharp-Editor", "Assembly-CSharp-Editor.csproj", "{c8c78dab-d3bb-5c62-86a1-665f0aca894e}"
EndProject
Global
	GlobalSection(SolutionConfigurationPlatforms) = preSolution
		Debug|Any CPU = Debug|Any CPU
	EndGlobalSection
	GlobalSection(ProjectConfigurationPlatforms) = postSolution
		{fa87bc96-eaed-6fdd-c8ce-88596da08e6f}.Debug|Any CPU.ActiveCfg = Debug|Any CPU
		{fa87bc96-eaed-6fdd-c8ce-88596da08e6f}.Debug|Any CPU.Build.0 = Debug|Any CPU
		{c8c78dab-d3bb-5c62-86a1-665f0aca894e}.Debug|Any CPU.ActiveCfg = Debug|Any CPU
		{c8c78dab-d3bb-5c62-86a1-665f0aca894e}.Debug|Any CPU.Build.0 = Debug|Any CPU
	EndGlobalSection
	GlobalSection(SolutionProperties) = preSolution
		HideSolutionNode = FALSE
	EndGlobalSection
EndGlobal
